// !$*UTF8*$!
{
	archiveVersion = 1;
	classes = {
	};
	objectVersion = 48;
	objects = {

/* Begin PBXBuildFile section */
		AF0EBA3520FD79870006D41C /* AppDelegate.m in Sources */ = {isa = PBXBuildFile; fileRef = AF0EBA3420FD79870006D41C /* AppDelegate.m */; };
		AF0EBA3820FD79880006D41C /* ViewController.m in Sources */ = {isa = PBXBuildFile; fileRef = AF0EBA3720FD79880006D41C /* ViewController.m */; };
		AF0EBA3B20FD79880006D41C /* Main.storyboard in Resources */ = {isa = PBXBuildFile; fileRef = AF0EBA3920FD79880006D41C /* Main.storyboard */; };
		AF0EBA3D20FD79880006D41C /* Assets.xcassets in Resources */ = {isa = PBXBuildFile; fileRef = AF0EBA3C20FD79880006D41C /* Assets.xcassets */; };
		AF0EBA4020FD79880006D41C /* LaunchScreen.storyboard in Resources */ = {isa = PBXBuildFile; fileRef = AF0EBA3E20FD79880006D41C /* LaunchScreen.storyboard */; };
		AF0EBA4320FD79880006D41C /* main.m in Sources */ = {isa = PBXBuildFile; fileRef = AF0EBA4220FD79880006D41C /* main.m */; };
		AFA8700520FD8BE100B7E97E /* Test.podspec in Resources */ = {isa = PBXBuildFile; fileRef = AFA8700420FD8BE100B7E97E /* Test.podspec */; };
		AFA8700920FD8C4800B7E97E /* SDKTest.m in Sources */ = {isa = PBXBuildFile; fileRef = AFA8700820FD8C4800B7E97E /* SDKTest.m */; };
/* End PBXBuildFile section */

/* Begin PBXFileReference section */
		AF0EBA3020FD79870006D41C /* Test.app */ = {isa = PBXFileReference; explicitFileType = wrapper.application; includeInIndex = 0; path = Test.app; sourceTree = BUILT_PRODUCTS_DIR; };
		AF0EBA3320FD79870006D41C /* AppDelegate.h */ = {isa = PBXFileReference; lastKnownFileType = sourcecode.c.h; path = AppDelegate.h; sourceTree = "<group>"; };
		AF0EBA3420FD79870006D41C /* AppDelegate.m */ = {isa = PBXFileReference; lastKnownFileType = sourcecode.c.objc; path = AppDelegate.m; sourceTree = "<group>"; };
		AF0EBA3620FD79880006D41C /* ViewController.h */ = {isa = PBXFileReference; lastKnownFileType = sourcecode.c.h; path = ViewController.h; sourceTree = "<group>"; };
		AF0EBA3720FD79880006D41C /* ViewController.m */ = {isa = PBXFileReference; lastKnownFileType = sourcecode.c.objc; path = ViewController.m; sourceTree = "<group>"; };
		AF0EBA3A20FD79880006D41C /* Base */ = {isa = PBXFileReference; lastKnownFileType = file.storyboard; name = Base; path = Base.lproj/Main.storyboard; sourceTree = "<group>"; };
		AF0EBA3C20FD79880006D41C /* Assets.xcassets */ = {isa = PBXFileReference; lastKnownFileType = folder.assetcatalog; path = Assets.xcassets; sourceTree = "<group>"; };
		AF0EBA3F20FD79880006D41C /* Base */ = {isa = PBXFileReference; lastKnownFileType = file.storyboard; name = Base; path = Base.lproj/LaunchScreen.storyboard; sourceTree = "<group>"; };
		AF0EBA4120FD79880006D41C /* Info.plist */ = {isa = PBXFileReference; lastKnownFileType = text.plist.xml; path = Info.plist; sourceTree = "<group>"; };
		AF0EBA4220FD79880006D41C /* main.m */ = {isa = PBXFileReference; lastKnownFileType = sourcecode.c.objc; path = main.m; sourceTree = "<group>"; };
		AFA8700420FD8BE100B7E97E /* Test.podspec */ = {isa = PBXFileReference; fileEncoding = 4; lastKnownFileType = text; path = Test.podspec; sourceTree = "<group>"; };
		AFA8700720FD8C4800B7E97E /* SDKTest.h */ = {isa = PBXFileReference; lastKnownFileType = sourcecode.c.h; path = SDKTest.h; sourceTree = "<group>"; };
		AFA8700820FD8C4800B7E97E /* SDKTest.m */ = {isa = PBXFileReference; lastKnownFileType = sourcecode.c.objc; path = SDKTest.m; sourceTree = "<group>"; };
/* End PBXFileReference section */

/* Begin PBXFrameworksBuildPhase section */
		AF0EBA2D20FD79870006D41C /* Frameworks */ = {
			isa = PBXFrameworksBuildPhase;
			buildActionMask = 2147483647;
			files = (
			);
			runOnlyForDeploymentPostprocessing = 0;
		};
/* End PBXFrameworksBuildPhase section */

/* Begin PBXGroup section */
		AF0EBA2720FD79870006D41C = {
			isa = PBXGroup;
			children = (
				AFA8700620FD8BEB00B7E97E /* Source */,
				AFA8700420FD8BE100B7E97E /* Test.podspec */,
				AF0EBA3220FD79870006D41C /* Test */,
				AF0EBA3120FD79870006D41C /* Products */,
			);
			sourceTree = "<group>";
		};
		AF0EBA3120FD79870006D41C /* Products */ = {
			isa = PBXGroup;
			children = (
				AF0EBA3020FD79870006D41C /* Test.app */,
			);
			name = Products;
			sourceTree = "<group>";
		};
		AF0EBA3220FD79870006D41C /* Test */ = {
			isa = PBXGroup;
			children = (
				AF0EBA3320FD79870006D41C /* AppDelegate.h */,
				AF0EBA3420FD79870006D41C /* AppDelegate.m */,
				AF0EBA3620FD79880006D41C /* ViewController.h */,
				AF0EBA3720FD79880006D41C /* ViewController.m */,
				AF0EBA3920FD79880006D41C /* Main.storyboard */,
				AF0EBA3C20FD79880006D41C /* Assets.xcassets */,
				AF0EBA3E20FD79880006D41C /* LaunchScreen.storyboard */,
				AF0EBA4120FD79880006D41C /* Info.plist */,
				AF0EBA4220FD79880006D41C /* main.m */,
			);
			path = Test;
			sourceTree = "<group>";
		};
		AFA8700620FD8BEB00B7E97E /* Source */ = {
			isa = PBXGroup;
			children = (
				AFA8700720FD8C4800B7E97E /* SDKTest.h */,
				AFA8700820FD8C4800B7E97E /* SDKTest.m */,
			);
			path = Source;
			sourceTree = "<group>";
		};
/* End PBXGroup section */

/* Begin PBXNativeTarget section */
		AF0EBA2F20FD79870006D41C /* Test */ = {
			isa = PBXNativeTarget;
			buildConfigurationList = AF0EBA4620FD79880006D41C /* Build configuration list for PBXNativeTarget "Test" */;
			buildPhases = (
				AF0EBA2C20FD79870006D41C /* Sources */,
				AF0EBA2D20FD79870006D41C /* Frameworks */,
				AF0EBA2E20FD79870006D41C /* Resources */,
			);
			buildRules = (
			);
			dependencies = (
			);
			name = Test;
			productName = Test;
			productReference = AF0EBA3020FD79870006D41C /* Test.app */;
			productType = "com.apple.product-type.application";
		};
/* End PBXNativeTarget section */

/* Begin PBXProject section */
		AF0EBA2820FD79870006D41C /* Project object */ = {
			isa = PBXProject;
			attributes = {
				LastUpgradeCheck = 0920;
				ORGANIZATIONNAME = careland;
				TargetAttributes = {
					AF0EBA2F20FD79870006D41C = {
						CreatedOnToolsVersion = 9.2;
						ProvisioningStyle = Manual;
					};
				};
			};
			buildConfigurationList = AF0EBA2B20FD79870006D41C /* Build configuration list for PBXProject "Test" */;
			compatibilityVersion = "Xcode 8.0";
			developmentRegion = en;
			hasScannedForEncodings = 0;
			knownRegions = (
				en,
				Base,
			);
			mainGroup = AF0EBA2720FD79870006D41C;
			productRefGroup = AF0EBA3120FD79870006D41C /* Products */;
			projectDirPath = "";
			projectRoot = "";
			targets = (
				AF0EBA2F20FD79870006D41C /* Test */,
			);
		};
/* End PBXProject section */

/* Begin PBXResourcesBuildPhase section */
		AF0EBA2E20FD79870006D41C /* Resources */ = {
			isa = PBXResourcesBuildPhase;
			buildActionMask = 2147483647;
			files = (
				AFA8700520FD8BE100B7E97E /* Test.podspec in Resources */,
				AF0EBA4020FD79880006D41C /* LaunchScreen.storyboard in Resources */,
				AF0EBA3D20FD79880006D41C /* Assets.xcassets in Resources */,
				AF0EBA3B20FD79880006D41C /* Main.storyboard in Resources */,
			);
			runOnlyForDeploymentPostprocessing = 0;
		};
/* End PBXResourcesBuildPhase section */

/* Begin PBXSourcesBuildPhase section */
		AF0EBA2C20FD79870006D41C /* Sources */ = {
			isa = PBXSourcesBuildPhase;
			buildActionMask = 2147483647;
			files = (
				AF0EBA3820FD79880006D41C /* ViewController.m in Sources */,
				AF0EBA4320FD79880006D41C /* main.m in Sources */,
				AFA8700920FD8C4800B7E97E /* SDKTest.m in Sources */,
				AF0EBA3520FD79870006D41C /* AppDelegate.m in Sources */,
			);
			runOnlyForDeploymentPostprocessing = 0;
		};
/* End PBXSourcesBuildPhase section */

/* Begin PBXVariantGroup section */
		AF0EBA3920FD79880006D41C /* Main.storyboard */ = {
			isa = PBXVariantGroup;
			children = (
				AF0EBA3A20FD79880006D41C /* Base */,
			);
			name = Main.storyboard;
			sourceTree = "<group>";
		};
		AF0EBA3E20FD79880006D41C /* LaunchScreen.storyboard */ = {
			isa = PBXVariantGroup;
			children = (
				AF0EBA3F20FD79880006D41C /* Base */,
			);
			name = LaunchScreen.storyboard;
			sourceTree = "<group>";
		};
/* End PBXVariantGroup section */

/* Begin XCBuildConfiguration section */
		AF0EBA4420FD79880006D41C /* Debug */ = {
			isa = XCBuildConfiguration;
			buildSettings = {
				ALWAYS_SEARCH_USER_PATHS = NO;
				CLANG_ANALYZER_NONNULL = YES;
				CLANG_ANALYZER_NUMBER_OBJECT_CONVERSION = YES_AGGRESSIVE;
				CLANG_CXX_LANGUAGE_STANDARD = "gnu++14";
				CLANG_CXX_LIBRARY = "libc++";
				CLANG_ENABLE_MODULES = YES;
				CLANG_ENABLE_OBJC_ARC = YES;
				CLANG_WARN_BLOCK_CAPTURE_AUTORELEASING = YES;
				CLANG_WARN_BOOL_CONVERSION = YES;
				CLANG_WARN_COMMA = YES;
				CLANG_WARN_CONSTANT_CONVERSION = YES;
				CLANG_WARN_DIRECT_OBJC_ISA_USAGE = YES_ERROR;
				CLANG_WARN_DOCUMENTATION_COMMENTS = YES;
				CLANG_WARN_EMPTY_BODY = YES;
				CLANG_WARN_ENUM_CONVERSION = YES;
				CLANG_WARN_INFINITE_RECURSION = YES;
				CLANG_WARN_INT_CONVERSION = YES;
				CLANG_WARN_NON_LITERAL_NULL_CONVERSION = YES;
				CLANG_WARN_OBJC_LITERAL_CONVERSION = YES;
				CLANG_WARN_OBJC_ROOT_CLASS = YES_ERROR;
				CLANG_WARN_RANGE_LOOP_ANALYSIS = YES;
				CLANG_WARN_STRICT_PROTOTYPES = YES;
				CLANG_WARN_SUSPICIOUS_MOVE = YES;
				CLANG_WARN_UNGUARDED_AVAILABILITY = YES_AGGRESSIVE;
				CLANG_WARN_UNREACHABLE_CODE = YES;
				CLANG_WARN__DUPLICATE_METHOD_MATCH = YES;
				CODE_SIGN_IDENTITY = "iPhone Developer";
				COPY_PHASE_STRIP = NO;
				DEBUG_INFORMATION_FORMAT = dwarf;
				ENABLE_STRICT_OBJC_MSGSEND = YES;
				ENABLE_TESTABILITY = YES;
				GCC_C_LANGUAGE_STANDARD = gnu11;
				GCC_DYNAMIC_NO_PIC = NO;
				GCC_NO_COMMON_BLOCKS = YES;
				GCC_OPTIMIZATION_LEVEL = 0;
				GCC_PREPROCESSOR_DEFINITIONS = (
					"DEBUG=1",
					"$(inherited)",
				);
				GCC_WARN_64_TO_32_BIT_CONVERSION = YES;
				GCC_WARN_ABOUT_RETURN_TYPE = YES_ERROR;
				GCC_WARN_UNDECLARED_SELECTOR = YES;
				GCC_WARN_UNINITIALIZED_AUTOS = YES_AGGRESSIVE;
				GCC_WARN_UNUSED_FUNCTION = YES;
				GCC_WARN_UNUSED_VARIABLE = YES;
				IPHONEOS_DEPLOYMENT_TARGET = 11.2;
				MTL_ENABLE_DEBUG_INFO = YES;
				ONLY_ACTIVE_ARCH = YES;
				SDKROOT = iphoneos;
			};
			name = Debug;
		};
		AF0EBA4520FD79880006D41C /* Release */ = {
			isa = XCBuildConfiguration;
			buildSettings = {
				ALWAYS_SEARCH_USER_PATHS = NO;
				CLANG_ANALYZER_NONNULL = YES;
				CLANG_ANALYZER_NUMBER_OBJECT_CONVERSION = YES_AGGRESSIVE;
				CLANG_CXX_LANGUAGE_STANDARD = "gnu++14";
				CLANG_CXX_LIBRARY = "libc++";
				CLANG_ENABLE_MODULES = YES;
				CLANG_ENABLE_OBJC_ARC = YES;
				CLANG_WARN_BLOCK_CAPTURE_AUTORELEASING = YES;
				CLANG_WARN_BOOL_CONVERSION = YES;
				CLANG_WARN_COMMA = YES;
				CLANG_WARN_CONSTANT_CONVERSION = YES;
				CLANG_WARN_DIRECT_OBJC_ISA_USAGE = YES_ERROR;
				CLANG_WARN_DOCUMENTATION_COMMENTS = YES;
				CLANG_WARN_EMPTY_BODY = YES;
				CLANG_WARN_ENUM_CONVERSION = YES;
				CLANG_WARN_INFINITE_RECURSION = YES;
				CLANG_WARN_INT_CONVERSION = YES;
				CLANG_WARN_NON_LITERAL_NULL_CONVERSION = YES;
				CLANG_WARN_OBJC_LITERAL_CONVERSION = YES;
				CLANG_WARN_OBJC_ROOT_CLASS = YES_ERROR;
				CLANG_WARN_RANGE_LOOP_ANALYSIS = YES;
				CLANG_WARN_STRICT_PROTOTYPES = YES;
				CLANG_WARN_SUSPICIOUS_MOVE = YES;
				CLANG_WARN_UNGUARDED_AVAILABILITY = YES_AGGRESSIVE;
				CLANG_WARN_UNREACHABLE_CODE = YES;
				CLANG_WARN__DUPLICATE_METHOD_MATCH = YES;
				CODE_SIGN_IDENTITY = "iPhone Developer";
				COPY_PHASE_STRIP = NO;
				DEBUG_INFORMATION_FORMAT = "dwarf-with-dsym";
				ENABLE_NS_ASSERTIONS = NO;
				ENABLE_STRICT_OBJC_MSGSEND = YES;
				GCC_C_LANGUAGE_STANDARD = gnu11;
				GCC_NO_COMMON_BLOCKS = YES;
				GCC_WARN_64_TO_32_BIT_CONVERSION = YES;
				GCC_WARN_ABOUT_RETURN_TYPE = YES_ERROR;
				GCC_WARN_UNDECLARED_SELECTOR = YES;
				GCC_WARN_UNINITIALIZED_AUTOS = YES_AGGRESSIVE;
				GCC_WARN_UNUSED_FUNCTION = YES;
				GCC_WARN_UNUSED_VARIABLE = YES;
				IPHONEOS_DEPLOYMENT_TARGET = 11.2;
				MTL_ENABLE_DEBUG_INFO = NO;
				SDKROOT = iphoneos;
				VALIDATE_PRODUCT = YES;
			};
			name = Release;
		};
		AF0EBA4720FD79880006D41C /* Debug */ = {
			isa = XCBuildConfiguration;
			buildSettings = {
				ASSETCATALOG_COMPILER_APPICON_NAME = AppIcon;
				CODE_SIGN_STYLE = Manual;
				DEVELOPMENT_TEAM = Z38H3AGXN3;
				INFOPLIST_FILE = Test/Info.plist;
				LD_RUNPATH_SEARCH_PATHS = "$(inherited) @executable_path/Frameworks";
				PRODUCT_BUNDLE_IDENTIFIER = careland.Test;
				PRODUCT_NAME = "$(TARGET_NAME)";
				PROVISIONING_PROFILE = "5111c0b0-926e-4041-bb4b-e9340e518f04";
				PROVISIONING_PROFILE_SPECIFIER = carelandCommProfile;
				TARGETED_DEVICE_FAMILY = "1,2";
			};
			name = Debug;
		};
		AF0EBA4820FD79880006D41C /* Release */ = {
			isa = XCBuildConfiguration;
			buildSettings = {
				ASSETCATALOG_COMPILER_APPICON_NAME = AppIcon;
				CODE_SIGN_STYLE = Manual;
				DEVELOPMENT_TEAM = "";
				INFOPLIST_FILE = Test/Info.plist;
				LD_RUNPATH_SEARCH_PATHS = "$(inherited) @executable_path/Frameworks";
				PRODUCT_BUNDLE_IDENTIFIER = careland.Test;
				PRODUCT_NAME = "$(TARGET_NAME)";
				PROVISIONING_PROFILE_SPECIFIER = "";
				TARGETED_DEVICE_FAMILY = "1,2";
			};
			name = Release;
		};
/* End XCBuildConfiguration section */

/* Begin XCConfigurationList section */
		AF0EBA2B20FD79870006D41C /* Build configuration list for PBXProject "Test" */ = {
			isa = XCConfigurationList;
			buildConfigurations = (
				AF0EBA4420FD79880006D41C /* Debug */,
				AF0EBA4520FD79880006D41C /* Release */,
			);
			defaultConfigurationIsVisible = 0;
			defaultConfigurationName = Release;
		};
		AF0EBA4620FD79880006D41C /* Build configuration list for PBXNativeTarget "Test" */ = {
			isa = XCConfigurationList;
			buildConfigurations = (
				AF0EBA4720FD79880006D41C /* Debug */,
				AF0EBA4820FD79880006D41C /* Release */,
			);
			defaultConfigurationIsVisible = 0;
			defaultConfigurationName = Release;
		};
/* End XCConfigurationList section */
	};
	rootObject = AF0EBA2820FD79870006D41C /* Project object */;
}
